
Microsoft Visual Studio Solution File, Format Version 12.00
# Visual Studio Version 17
VisualStudioVersion = 17.2.32516.85
MinimumVisualStudioVersion = 10.0.40219.1
Project("{8BC9CEB8-8B4A-11D0-8D11-00A0C91BC942}") = "HW", "HW\HW.vcxproj", "{521BCE21-D423-489D-B24A-19F6EE3A7EDA}"
EndProject
Global
	GlobalSection(SolutionConfigurationPlatforms) = preSolution
		Debug|x64 = Debug|x64
		Debug|x86 = Debug|x86
		Release|x64 = Release|x64
		Release|x86 = Release|x86
	EndGlobalSection
	GlobalSection(ProjectConfigurationPlatforms) = postSolution
		{521BCE21-D423-489D-B24A-19F6EE3A7EDA}.Debug|x64.ActiveCfg = Debug|x64
		{521BCE21-D423-489D-B24A-19F6EE3A7EDA}.Debug|x64.Build.0 = Debug|x64
		{521BCE21-D423-489D-B24A-19F6EE3A7EDA}.Debug|x86.ActiveCfg = Debug|Win32
		{521BCE21-D423-489D-B24A-19F6EE3A7EDA}.Debug|x86.Build.0 = Debug|Win32
		{521BCE21-D423-489D-B24A-19F6EE3A7EDA}.Release|x64.ActiveCfg = Release|x64
		{521BCE21-D423-489D-B24A-19F6EE3A7EDA}.Release|x64.Build.0 = Release|x64
		{521BCE21-D423-489D-B24A-19F6EE3A7EDA}.Release|x86.ActiveCfg = Release|Win32
		{521BCE21-D423-489D-B24A-19F6EE3A7EDA}.Release|x86.Build.0 = Release|Win32
	EndGlobalSection
	GlobalSection(SolutionProperties) = preSolution
		HideSolutionNode = FALSE
	EndGlobalSection
	GlobalSection(ExtensibilityGlobals) = postSolution
		SolutionGuid = {846E8FA4-CE49-4DF5-ADA9-8262F1CEFD2E}
	EndGlobalSection
EndGlobal
